
Microsoft Visual Studio Solution File, Format Version 12.00
# Visual Studio Version 17
VisualStudioVersion = 17.6.33723.286
MinimumVisualStudioVersion = 10.0.40219.1
Project("{FAE04EC0-301F-11D3-BF4B-00C04F79EFBC}") = "SandGen3Again", "SandGen3Again\SandGen3Again.csproj", "{6A48E8C1-FE53-4702-81C4-385E3DEC11D9}"
EndProject
Global
	GlobalSection(SolutionConfigurationPlatforms) = preSolution
		Debug|Any CPU = Debug|Any CPU
		Release|Any CPU = Release|Any CPU
	EndGlobalSection
	GlobalSection(ProjectConfigurationPlatforms) = postSolution
		{6A48E8C1-FE53-4702-81C4-385E3DEC11D9}.Debug|Any CPU.ActiveCfg = Debug|Any CPU
		{6A48E8C1-FE53-4702-81C4-385E3DEC11D9}.Debug|Any CPU.Build.0 = Debug|Any CPU
		{6A48E8C1-FE53-4702-81C4-385E3DEC11D9}.Release|Any CPU.ActiveCfg = Release|Any CPU
		{6A48E8C1-FE53-4702-81C4-385E3DEC11D9}.Release|Any CPU.Build.0 = Release|Any CPU
	EndGlobalSection
	GlobalSection(SolutionProperties) = preSolution
		HideSolutionNode = FALSE
	EndGlobalSection
	GlobalSection(ExtensibilityGlobals) = postSolution
		SolutionGuid = {B7D2743E-27E4-4B6F-B656-0FE0B015FA19}
	EndGlobalSection
EndGlobal
